
Microsoft Visual Studio Solution File, Format Version 12.00
# Visual Studio Version 17
VisualStudioVersion = 17.5.002.0
MinimumVisualStudioVersion = 10.0.40219.1
Project("{9A19103F-16F7-4668-BE54-9A1E7A4F7556}") = "SingleResponsability", "1-SingleResponsability\SingleResponsability.csproj", "{17C5F779-6404-44A2-B78C-1F64E32C2536}"
EndProject
Project("{9A19103F-16F7-4668-BE54-9A1E7A4F7556}") = "LiskovSubstitution", "3-LiskovSubstitution\LiskovSubstitution.csproj", "{E82B50D4-0541-44C3-9DC1-AC2FB9E276EF}"
EndProject
Project("{9A19103F-16F7-4668-BE54-9A1E7A4F7556}") = "InterfaceSegregation", "4-InterfaceSegregation\InterfaceSegregation.csproj", "{DCC1CE0E-8306-448E-B000-56C48D390314}"
EndProject
Project("{9A19103F-16F7-4668-BE54-9A1E7A4F7556}") = "OpenClose", "2-OpenClose\OpenClose.csproj", "{09D3406A-5F82-4D8A-A869-D73063181D28}"
EndProject
Project("{2150E333-8FDC-42A3-9474-1A3956D46DE8}") = "5-DependencyInversion", "5-DependencyInversion", "{FC981050-60FB-4BDF-BBEA-231ECD6CB496}"
EndProject
Project("{9A19103F-16F7-4668-BE54-9A1E7A4F7556}") = "DependencyInversion", "5-DependencyInversion\Api\DependencyInversion.csproj", "{8781B34E-A454-4A37-AECD-674CDAA50ECD}"
EndProject
Project("{9A19103F-16F7-4668-BE54-9A1E7A4F7556}") = "Api.Tests", "5-DependencyInversion\Api.Tests\Api.Tests.csproj", "{2DFB4A8F-5D61-45BF-96F6-FACCA59AD702}"
EndProject
Global
	GlobalSection(SolutionConfigurationPlatforms) = preSolution
		Debug|Any CPU = Debug|Any CPU
		Release|Any CPU = Release|Any CPU
	EndGlobalSection
	GlobalSection(ProjectConfigurationPlatforms) = postSolution
		{17C5F779-6404-44A2-B78C-1F64E32C2536}.Debug|Any CPU.ActiveCfg = Debug|Any CPU
		{17C5F779-6404-44A2-B78C-1F64E32C2536}.Debug|Any CPU.Build.0 = Debug|Any CPU
		{17C5F779-6404-44A2-B78C-1F64E32C2536}.Release|Any CPU.ActiveCfg = Release|Any CPU
		{17C5F779-6404-44A2-B78C-1F64E32C2536}.Release|Any CPU.Build.0 = Release|Any CPU
		{E82B50D4-0541-44C3-9DC1-AC2FB9E276EF}.Debug|Any CPU.ActiveCfg = Debug|Any CPU
		{E82B50D4-0541-44C3-9DC1-AC2FB9E276EF}.Debug|Any CPU.Build.0 = Debug|Any CPU
		{E82B50D4-0541-44C3-9DC1-AC2FB9E276EF}.Release|Any CPU.ActiveCfg = Release|Any CPU
		{E82B50D4-0541-44C3-9DC1-AC2FB9E276EF}.Release|Any CPU.Build.0 = Release|Any CPU
		{DCC1CE0E-8306-448E-B000-56C48D390314}.Debug|Any CPU.ActiveCfg = Debug|Any CPU
		{DCC1CE0E-8306-448E-B000-56C48D390314}.Debug|Any CPU.Build.0 = Debug|Any CPU
		{DCC1CE0E-8306-448E-B000-56C48D390314}.Release|Any CPU.ActiveCfg = Release|Any CPU
		{DCC1CE0E-8306-448E-B000-56C48D390314}.Release|Any CPU.Build.0 = Release|Any CPU
		{09D3406A-5F82-4D8A-A869-D73063181D28}.Debug|Any CPU.ActiveCfg = Debug|Any CPU
		{09D3406A-5F82-4D8A-A869-D73063181D28}.Debug|Any CPU.Build.0 = Debug|Any CPU
		{09D3406A-5F82-4D8A-A869-D73063181D28}.Release|Any CPU.ActiveCfg = Release|Any CPU
		{09D3406A-5F82-4D8A-A869-D73063181D28}.Release|Any CPU.Build.0 = Release|Any CPU
		{8781B34E-A454-4A37-AECD-674CDAA50ECD}.Debug|Any CPU.ActiveCfg = Debug|Any CPU
		{8781B34E-A454-4A37-AECD-674CDAA50ECD}.Debug|Any CPU.Build.0 = Debug|Any CPU
		{8781B34E-A454-4A37-AECD-674CDAA50ECD}.Release|Any CPU.ActiveCfg = Release|Any CPU
		{8781B34E-A454-4A37-AECD-674CDAA50ECD}.Release|Any CPU.Build.0 = Release|Any CPU
		{2DFB4A8F-5D61-45BF-96F6-FACCA59AD702}.Debug|Any CPU.ActiveCfg = Debug|Any CPU
		{2DFB4A8F-5D61-45BF-96F6-FACCA59AD702}.Debug|Any CPU.Build.0 = Debug|Any CPU
		{2DFB4A8F-5D61-45BF-96F6-FACCA59AD702}.Release|Any CPU.ActiveCfg = Release|Any CPU
		{2DFB4A8F-5D61-45BF-96F6-FACCA59AD702}.Release|Any CPU.Build.0 = Release|Any CPU
	EndGlobalSection
	GlobalSection(SolutionProperties) = preSolution
		HideSolutionNode = FALSE
	EndGlobalSection
	GlobalSection(NestedProjects) = preSolution
		{8781B34E-A454-4A37-AECD-674CDAA50ECD} = {FC981050-60FB-4BDF-BBEA-231ECD6CB496}
		{2DFB4A8F-5D61-45BF-96F6-FACCA59AD702} = {FC981050-60FB-4BDF-BBEA-231ECD6CB496}
	EndGlobalSection
	GlobalSection(ExtensibilityGlobals) = postSolution
		SolutionGuid = {E2AA4EE1-C818-4E72-B5F4-73D4DDFEE625}
	EndGlobalSection
EndGlobal
